
Microsoft Visual Studio Solution File, Format Version 12.00
# Visual Studio Version 17
VisualStudioVersion = 17.0.31903.59
MinimumVisualStudioVersion = 10.0.40219.1
Project("{FAE04EC0-301F-11D3-BF4B-00C04F79EFBC}") = "TaleWeaver.Api", "TaleWeaver.Api\TaleWeaver.Api.csproj", "{5C0A99F1-93DC-48AE-9045-26B9650BAF26}"
EndProject
Project("{FAE04EC0-301F-11D3-BF4B-00C04F79EFBC}") = "TaleWeaver.Api.Tests", "TaleWeaver.Api.Tests\TaleWeaver.Api.Tests.csproj", "{869B41A5-F993-43E4-8F5A-57F6DC578411}"
EndProject
Global
	GlobalSection(SolutionConfigurationPlatforms) = preSolution
		Debug|Any CPU = Debug|Any CPU
		Debug|x64 = Debug|x64
		Debug|x86 = Debug|x86
		Release|Any CPU = Release|Any CPU
		Release|x64 = Release|x64
		Release|x86 = Release|x86
	EndGlobalSection
	GlobalSection(ProjectConfigurationPlatforms) = postSolution
		{5C0A99F1-93DC-48AE-9045-26B9650BAF26}.Debug|Any CPU.ActiveCfg = Debug|Any CPU
		{5C0A99F1-93DC-48AE-9045-26B9650BAF26}.Debug|Any CPU.Build.0 = Debug|Any CPU
		{5C0A99F1-93DC-48AE-9045-26B9650BAF26}.Debug|x64.ActiveCfg = Debug|Any CPU
		{5C0A99F1-93DC-48AE-9045-26B9650BAF26}.Debug|x64.Build.0 = Debug|Any CPU
		{5C0A99F1-93DC-48AE-9045-26B9650BAF26}.Debug|x86.ActiveCfg = Debug|Any CPU
		{5C0A99F1-93DC-48AE-9045-26B9650BAF26}.Debug|x86.Build.0 = Debug|Any CPU
		{5C0A99F1-93DC-48AE-9045-26B9650BAF26}.Release|Any CPU.ActiveCfg = Release|Any CPU
		{5C0A99F1-93DC-48AE-9045-26B9650BAF26}.Release|Any CPU.Build.0 = Release|Any CPU
		{5C0A99F1-93DC-48AE-9045-26B9650BAF26}.Release|x64.ActiveCfg = Release|Any CPU
		{5C0A99F1-93DC-48AE-9045-26B9650BAF26}.Release|x64.Build.0 = Release|Any CPU
		{5C0A99F1-93DC-48AE-9045-26B9650BAF26}.Release|x86.ActiveCfg = Release|Any CPU
		{5C0A99F1-93DC-48AE-9045-26B9650BAF26}.Release|x86.Build.0 = Release|Any CPU
		{869B41A5-F993-43E4-8F5A-57F6DC578411}.Debug|Any CPU.ActiveCfg = Debug|Any CPU
		{869B41A5-F993-43E4-8F5A-57F6DC578411}.Debug|Any CPU.Build.0 = Debug|Any CPU
		{869B41A5-F993-43E4-8F5A-57F6DC578411}.Debug|x64.ActiveCfg = Debug|Any CPU
		{869B41A5-F993-43E4-8F5A-57F6DC578411}.Debug|x64.Build.0 = Debug|Any CPU
		{869B41A5-F993-43E4-8F5A-57F6DC578411}.Debug|x86.ActiveCfg = Debug|Any CPU
		{869B41A5-F993-43E4-8F5A-57F6DC578411}.Debug|x86.Build.0 = Debug|Any CPU
		{869B41A5-F993-43E4-8F5A-57F6DC578411}.Release|Any CPU.ActiveCfg = Release|Any CPU
		{869B41A5-F993-43E4-8F5A-57F6DC578411}.Release|Any CPU.Build.0 = Release|Any CPU
		{869B41A5-F993-43E4-8F5A-57F6DC578411}.Release|x64.ActiveCfg = Release|Any CPU
		{869B41A5-F993-43E4-8F5A-57F6DC578411}.Release|x64.Build.0 = Release|Any CPU
		{869B41A5-F993-43E4-8F5A-57F6DC578411}.Release|x86.ActiveCfg = Release|Any CPU
		{869B41A5-F993-43E4-8F5A-57F6DC578411}.Release|x86.Build.0 = Release|Any CPU
	EndGlobalSection
	GlobalSection(SolutionProperties) = preSolution
		HideSolutionNode = FALSE
	EndGlobalSection
EndGlobal
